// !$*UTF8*$!
{
	archiveVersion = 1;
	classes = {
	};
	objectVersion = 56;
	objects = {

/* Begin PBXBuildFile section */
		8A0175BA2B72AF6F00C8C93E /* Refs.swift in Sources */ = {isa = PBXBuildFile; fileRef = 8A0175B92B72AF6F00C8C93E /* Refs.swift */; };
		8A0175BC2B72AF6F00C8C93E /* ContentView.swift in Sources */ = {isa = PBXBuildFile; fileRef = 8A0175BB2B72AF6F00C8C93E /* ContentView.swift */; };
		8A0175BE2B72AF7100C8C93E /* Assets.xcassets in Resources */ = {isa = PBXBuildFile; fileRef = 8A0175BD2B72AF7100C8C93E /* Assets.xcassets */; };
		8A0175C92B72B27100C8C93E /* RegistrationModel.swift in Sources */ = {isa = PBXBuildFile; fileRef = 8A0175C82B72B27100C8C93E /* RegistrationModel.swift */; };
		8A0175CC2B72B3C700C8C93E /* RegistrationCV.swift in Sources */ = {isa = PBXBuildFile; fileRef = 8A0175CB2B72B3C700C8C93E /* RegistrationCV.swift */; };
		8A0175D02B73904100C8C93E /* UIColorExtension.swift in Sources */ = {isa = PBXBuildFile; fileRef = 8A0175CF2B73904100C8C93E /* UIColorExtension.swift */; };
		8A5470A12B81F47400D7AEE2 /* UserProfileCV.swift in Sources */ = {isa = PBXBuildFile; fileRef = 8A5470A02B81F47400D7AEE2 /* UserProfileCV.swift */; };
		8A5470A32B81F55500D7AEE2 /* UserModel.swift in Sources */ = {isa = PBXBuildFile; fileRef = 8A5470A22B81F55500D7AEE2 /* UserModel.swift */; };
		8A5470A62B81F7D800D7AEE2 /* ProfileImage.swift in Sources */ = {isa = PBXBuildFile; fileRef = 8A5470A52B81F7D800D7AEE2 /* ProfileImage.swift */; };
		8A5470A82B81F99600D7AEE2 /* ChangableAvatarView.swift in Sources */ = {isa = PBXBuildFile; fileRef = 8A5470A72B81F99600D7AEE2 /* ChangableAvatarView.swift */; };
		8A5470AE2B821F0400D7AEE2 /* Fugue-regular.otf in Resources */ = {isa = PBXBuildFile; fileRef = 8A5470AA2B821F0400D7AEE2 /* Fugue-regular.otf */; };
		8A5470AF2B821F0400D7AEE2 /* Fugue-mono.otf in Resources */ = {isa = PBXBuildFile; fileRef = 8A5470AB2B821F0400D7AEE2 /* Fugue-mono.otf */; };
		8A5470B02B821F0400D7AEE2 /* Fugue-headline.otf in Resources */ = {isa = PBXBuildFile; fileRef = 8A5470AC2B821F0400D7AEE2 /* Fugue-headline.otf */; };
		8A5470B12B821F0400D7AEE2 /* Fugue-regular-italic.otf in Resources */ = {isa = PBXBuildFile; fileRef = 8A5470AD2B821F0400D7AEE2 /* Fugue-regular-italic.otf */; };
		8A5470B52B8226B900D7AEE2 /* PrimaryButton.swift in Sources */ = {isa = PBXBuildFile; fileRef = 8A5470B42B8226B900D7AEE2 /* PrimaryButton.swift */; };
		8A5470B72B82295A00D7AEE2 /* SecondaryButton.swift in Sources */ = {isa = PBXBuildFile; fileRef = 8A5470B62B82295A00D7AEE2 /* SecondaryButton.swift */; };
		8A5488322BB470F900AE1ADC /* AllTasksCV.swift in Sources */ = {isa = PBXBuildFile; fileRef = 8A5488312BB470F900AE1ADC /* AllTasksCV.swift */; };
		8A5488352BB473B500AE1ADC /* HTTPReceiver.swift in Sources */ = {isa = PBXBuildFile; fileRef = 8A5488342BB473B500AE1ADC /* HTTPReceiver.swift */; };
		8A5488372BB474B300AE1ADC /* TabBar.swift in Sources */ = {isa = PBXBuildFile; fileRef = 8A5488362BB474B300AE1ADC /* TabBar.swift */; };
		8A54883B2BB4907100AE1ADC /* HowToPlayCV.swift in Sources */ = {isa = PBXBuildFile; fileRef = 8A54883A2BB4907100AE1ADC /* HowToPlayCV.swift */; };
		8A54883D2BB497DF00AE1ADC /* HowToPlayModel.swift in Sources */ = {isa = PBXBuildFile; fileRef = 8A54883C2BB497DF00AE1ADC /* HowToPlayModel.swift */; };
		8A54883F2BB49C6100AE1ADC /* HTPSlide.swift in Sources */ = {isa = PBXBuildFile; fileRef = 8A54883E2BB49C6100AE1ADC /* HTPSlide.swift */; };
		8A5488842BB4ABD000AE1ADC /* PrimaryButtonWhite.swift in Sources */ = {isa = PBXBuildFile; fileRef = 8A5488832BB4ABD000AE1ADC /* PrimaryButtonWhite.swift */; };
		8A5488862BB4AC0B00AE1ADC /* SecondaryButtonWhite.swift in Sources */ = {isa = PBXBuildFile; fileRef = 8A5488852BB4AC0B00AE1ADC /* SecondaryButtonWhite.swift */; };
		8AF9A00C2BB75AA900B80888 /* PasswordTextField.swift in Sources */ = {isa = PBXBuildFile; fileRef = 8AF9A00B2BB75AA900B80888 /* PasswordTextField.swift */; };
		8AF9A00E2BB75AD500B80888 /* AuthVM.swift in Sources */ = {isa = PBXBuildFile; fileRef = 8AF9A00D2BB75AD500B80888 /* AuthVM.swift */; };
		8AF9A0102BB75B0600B80888 /* UIApplicationExt.swift in Sources */ = {isa = PBXBuildFile; fileRef = 8AF9A00F2BB75B0600B80888 /* UIApplicationExt.swift */; };
		8AF9A0132BB75B3900B80888 /* HTTPMethod.swift in Sources */ = {isa = PBXBuildFile; fileRef = 8AF9A0122BB75B3900B80888 /* HTTPMethod.swift */; };
		8AF9A0152BB75B5100B80888 /* jwtH.swift in Sources */ = {isa = PBXBuildFile; fileRef = 8AF9A0142BB75B5100B80888 /* jwtH.swift */; };
		8AF9A0182BB75B7C00B80888 /* KeychainHelper.swift in Sources */ = {isa = PBXBuildFile; fileRef = 8AF9A0172BB75B7C00B80888 /* KeychainHelper.swift */; };
		8AF9A01A2BB75B9700B80888 /* Password.swift in Sources */ = {isa = PBXBuildFile; fileRef = 8AF9A0192BB75B9700B80888 /* Password.swift */; };
		8AF9A01D2BB75D6000B80888 /* ErrorState.swift in Sources */ = {isa = PBXBuildFile; fileRef = 8AF9A01C2BB75D6000B80888 /* ErrorState.swift */; };
		8AF9A01F2BB75D8B00B80888 /* ErrorView.swift in Sources */ = {isa = PBXBuildFile; fileRef = 8AF9A01E2BB75D8B00B80888 /* ErrorView.swift */; };
		8AF9A0212BB75DBF00B80888 /* RegLogResponse.swift in Sources */ = {isa = PBXBuildFile; fileRef = 8AF9A0202BB75DBF00B80888 /* RegLogResponse.swift */; };
		8AF9A0232BB75DE300B80888 /* SignInS.swift in Sources */ = {isa = PBXBuildFile; fileRef = 8AF9A0222BB75DE300B80888 /* SignInS.swift */; };
		8AF9A0252BB75E2500B80888 /* SignupS.swift in Sources */ = {isa = PBXBuildFile; fileRef = 8AF9A0242BB75E2500B80888 /* SignupS.swift */; };
		8AF9A0272BB75E9300B80888 /* StartS.swift in Sources */ = {isa = PBXBuildFile; fileRef = 8AF9A0262BB75E9300B80888 /* StartS.swift */; };
		8AF9A0292BB75F0F00B80888 /* MainAuthS.swift in Sources */ = {isa = PBXBuildFile; fileRef = 8AF9A0282BB75F0F00B80888 /* MainAuthS.swift */; };
		8AF9A02B2BB760E300B80888 /* MainS.swift in Sources */ = {isa = PBXBuildFile; fileRef = 8AF9A02A2BB760E300B80888 /* MainS.swift */; };
		8AF9A02E2BB7618200B80888 /* NavigationState.swift in Sources */ = {isa = PBXBuildFile; fileRef = 8AF9A02D2BB7618200B80888 /* NavigationState.swift */; };
		F3552D1C2C2372F500C06853 /* ChallengeS.swift in Sources */ = {isa = PBXBuildFile; fileRef = F3552D1B2C2372F500C06853 /* ChallengeS.swift */; };
		F3552D1E2C238B9700C06853 /* FeedS.swift in Sources */ = {isa = PBXBuildFile; fileRef = F3552D1D2C238B9700C06853 /* FeedS.swift */; };
		F3552D202C23A7D800C06853 /* UploadS.swift in Sources */ = {isa = PBXBuildFile; fileRef = F3552D1F2C23A7D800C06853 /* UploadS.swift */; };
/* End PBXBuildFile section */

/* Begin PBXFileReference section */
		8A0175B62B72AF6F00C8C93E /* Refs.app */ = {isa = PBXFileReference; explicitFileType = wrapper.application; includeInIndex = 0; path = Refs.app; sourceTree = BUILT_PRODUCTS_DIR; };
		8A0175B92B72AF6F00C8C93E /* Refs.swift */ = {isa = PBXFileReference; lastKnownFileType = sourcecode.swift; path = Refs.swift; sourceTree = "<group>"; };
		8A0175BB2B72AF6F00C8C93E /* ContentView.swift */ = {isa = PBXFileReference; lastKnownFileType = sourcecode.swift; path = ContentView.swift; sourceTree = "<group>"; };
		8A0175BD2B72AF7100C8C93E /* Assets.xcassets */ = {isa = PBXFileReference; lastKnownFileType = folder.assetcatalog; path = Assets.xcassets; sourceTree = "<group>"; };
		8A0175C82B72B27100C8C93E /* RegistrationModel.swift */ = {isa = PBXFileReference; lastKnownFileType = sourcecode.swift; path = RegistrationModel.swift; sourceTree = "<group>"; };
		8A0175CB2B72B3C700C8C93E /* RegistrationCV.swift */ = {isa = PBXFileReference; lastKnownFileType = sourcecode.swift; path = RegistrationCV.swift; sourceTree = "<group>"; };
		8A0175CF2B73904100C8C93E /* UIColorExtension.swift */ = {isa = PBXFileReference; lastKnownFileType = sourcecode.swift; path = UIColorExtension.swift; sourceTree = "<group>"; };
		8A5470A02B81F47400D7AEE2 /* UserProfileCV.swift */ = {isa = PBXFileReference; lastKnownFileType = sourcecode.swift; path = UserProfileCV.swift; sourceTree = "<group>"; };
		8A5470A22B81F55500D7AEE2 /* UserModel.swift */ = {isa = PBXFileReference; lastKnownFileType = sourcecode.swift; path = UserModel.swift; sourceTree = "<group>"; };
		8A5470A52B81F7D800D7AEE2 /* ProfileImage.swift */ = {isa = PBXFileReference; lastKnownFileType = sourcecode.swift; path = ProfileImage.swift; sourceTree = "<group>"; };
		8A5470A72B81F99600D7AEE2 /* ChangableAvatarView.swift */ = {isa = PBXFileReference; lastKnownFileType = sourcecode.swift; path = ChangableAvatarView.swift; sourceTree = "<group>"; };
		8A5470AA2B821F0400D7AEE2 /* Fugue-regular.otf */ = {isa = PBXFileReference; lastKnownFileType = file; path = "Fugue-regular.otf"; sourceTree = "<group>"; };
		8A5470AB2B821F0400D7AEE2 /* Fugue-mono.otf */ = {isa = PBXFileReference; lastKnownFileType = file; path = "Fugue-mono.otf"; sourceTree = "<group>"; };
		8A5470AC2B821F0400D7AEE2 /* Fugue-headline.otf */ = {isa = PBXFileReference; lastKnownFileType = file; path = "Fugue-headline.otf"; sourceTree = "<group>"; };
		8A5470AD2B821F0400D7AEE2 /* Fugue-regular-italic.otf */ = {isa = PBXFileReference; lastKnownFileType = file; path = "Fugue-regular-italic.otf"; sourceTree = "<group>"; };
		8A5470B32B821F7000D7AEE2 /* Info.plist */ = {isa = PBXFileReference; lastKnownFileType = text.plist; path = Info.plist; sourceTree = "<group>"; };
		8A5470B42B8226B900D7AEE2 /* PrimaryButton.swift */ = {isa = PBXFileReference; lastKnownFileType = sourcecode.swift; path = PrimaryButton.swift; sourceTree = "<group>"; };
		8A5470B62B82295A00D7AEE2 /* SecondaryButton.swift */ = {isa = PBXFileReference; lastKnownFileType = sourcecode.swift; path = SecondaryButton.swift; sourceTree = "<group>"; };
		8A5488312BB470F900AE1ADC /* AllTasksCV.swift */ = {isa = PBXFileReference; lastKnownFileType = sourcecode.swift; path = AllTasksCV.swift; sourceTree = "<group>"; };
		8A5488342BB473B500AE1ADC /* HTTPReceiver.swift */ = {isa = PBXFileReference; lastKnownFileType = sourcecode.swift; path = HTTPReceiver.swift; sourceTree = "<group>"; };
		8A5488362BB474B300AE1ADC /* TabBar.swift */ = {isa = PBXFileReference; lastKnownFileType = sourcecode.swift; path = TabBar.swift; sourceTree = "<group>"; };
		8A54883A2BB4907100AE1ADC /* HowToPlayCV.swift */ = {isa = PBXFileReference; lastKnownFileType = sourcecode.swift; path = HowToPlayCV.swift; sourceTree = "<group>"; };
		8A54883C2BB497DF00AE1ADC /* HowToPlayModel.swift */ = {isa = PBXFileReference; lastKnownFileType = sourcecode.swift; path = HowToPlayModel.swift; sourceTree = "<group>"; };
		8A54883E2BB49C6100AE1ADC /* HTPSlide.swift */ = {isa = PBXFileReference; lastKnownFileType = sourcecode.swift; path = HTPSlide.swift; sourceTree = "<group>"; };
		8A5488832BB4ABD000AE1ADC /* PrimaryButtonWhite.swift */ = {isa = PBXFileReference; lastKnownFileType = sourcecode.swift; path = PrimaryButtonWhite.swift; sourceTree = "<group>"; };
		8A5488852BB4AC0B00AE1ADC /* SecondaryButtonWhite.swift */ = {isa = PBXFileReference; lastKnownFileType = sourcecode.swift; path = SecondaryButtonWhite.swift; sourceTree = "<group>"; };
		8AF9A00B2BB75AA900B80888 /* PasswordTextField.swift */ = {isa = PBXFileReference; lastKnownFileType = sourcecode.swift; path = PasswordTextField.swift; sourceTree = "<group>"; };
		8AF9A00D2BB75AD500B80888 /* AuthVM.swift */ = {isa = PBXFileReference; lastKnownFileType = sourcecode.swift; path = AuthVM.swift; sourceTree = "<group>"; };
		8AF9A00F2BB75B0600B80888 /* UIApplicationExt.swift */ = {isa = PBXFileReference; lastKnownFileType = sourcecode.swift; path = UIApplicationExt.swift; sourceTree = "<group>"; };
		8AF9A0122BB75B3900B80888 /* HTTPMethod.swift */ = {isa = PBXFileReference; lastKnownFileType = sourcecode.swift; path = HTTPMethod.swift; sourceTree = "<group>"; };
		8AF9A0142BB75B5100B80888 /* jwtH.swift */ = {isa = PBXFileReference; lastKnownFileType = sourcecode.swift; path = jwtH.swift; sourceTree = "<group>"; };
		8AF9A0172BB75B7C00B80888 /* KeychainHelper.swift */ = {isa = PBXFileReference; lastKnownFileType = sourcecode.swift; path = KeychainHelper.swift; sourceTree = "<group>"; };
		8AF9A0192BB75B9700B80888 /* Password.swift */ = {isa = PBXFileReference; lastKnownFileType = sourcecode.swift; path = Password.swift; sourceTree = "<group>"; };
		8AF9A01C2BB75D6000B80888 /* ErrorState.swift */ = {isa = PBXFileReference; lastKnownFileType = sourcecode.swift; path = ErrorState.swift; sourceTree = "<group>"; };
		8AF9A01E2BB75D8B00B80888 /* ErrorView.swift */ = {isa = PBXFileReference; lastKnownFileType = sourcecode.swift; path = ErrorView.swift; sourceTree = "<group>"; };
		8AF9A0202BB75DBF00B80888 /* RegLogResponse.swift */ = {isa = PBXFileReference; lastKnownFileType = sourcecode.swift; path = RegLogResponse.swift; sourceTree = "<group>"; };
		8AF9A0222BB75DE300B80888 /* SignInS.swift */ = {isa = PBXFileReference; lastKnownFileType = sourcecode.swift; path = SignInS.swift; sourceTree = "<group>"; };
		8AF9A0242BB75E2500B80888 /* SignupS.swift */ = {isa = PBXFileReference; lastKnownFileType = sourcecode.swift; path = SignupS.swift; sourceTree = "<group>"; };
		8AF9A0262BB75E9300B80888 /* StartS.swift */ = {isa = PBXFileReference; lastKnownFileType = sourcecode.swift; path = StartS.swift; sourceTree = "<group>"; };
		8AF9A0282BB75F0F00B80888 /* MainAuthS.swift */ = {isa = PBXFileReference; lastKnownFileType = sourcecode.swift; path = MainAuthS.swift; sourceTree = "<group>"; };
		8AF9A02A2BB760E300B80888 /* MainS.swift */ = {isa = PBXFileReference; lastKnownFileType = sourcecode.swift; path = MainS.swift; sourceTree = "<group>"; };
		8AF9A02D2BB7618200B80888 /* NavigationState.swift */ = {isa = PBXFileReference; lastKnownFileType = sourcecode.swift; path = NavigationState.swift; sourceTree = "<group>"; };
		F3552D1B2C2372F500C06853 /* ChallengeS.swift */ = {isa = PBXFileReference; lastKnownFileType = sourcecode.swift; path = ChallengeS.swift; sourceTree = "<group>"; };
		F3552D1D2C238B9700C06853 /* FeedS.swift */ = {isa = PBXFileReference; lastKnownFileType = sourcecode.swift; path = FeedS.swift; sourceTree = "<group>"; };
		F3552D1F2C23A7D800C06853 /* UploadS.swift */ = {isa = PBXFileReference; lastKnownFileType = sourcecode.swift; path = UploadS.swift; sourceTree = "<group>"; };
/* End PBXFileReference section */

/* Begin PBXFrameworksBuildPhase section */
		8A0175B32B72AF6F00C8C93E /* Frameworks */ = {
			isa = PBXFrameworksBuildPhase;
			buildActionMask = 2147483647;
			files = (
			);
			runOnlyForDeploymentPostprocessing = 0;
		};
/* End PBXFrameworksBuildPhase section */

/* Begin PBXGroup section */
		8A0175AD2B72AF6F00C8C93E = {
			isa = PBXGroup;
			children = (
				8A0175B82B72AF6F00C8C93E /* Refs */,
				8A0175B72B72AF6F00C8C93E /* Products */,
			);
			sourceTree = "<group>";
		};
		8A0175B72B72AF6F00C8C93E /* Products */ = {
			isa = PBXGroup;
			children = (
				8A0175B62B72AF6F00C8C93E /* Refs.app */,
			);
			name = Products;
			sourceTree = "<group>";
		};
		8A0175B82B72AF6F00C8C93E /* Refs */ = {
			isa = PBXGroup;
			children = (
				F3AF97082C1EFFDB00CEFBB3 /* ViewModels */,
				8AF9A02C2BB7617100B80888 /* Enums */,
				8AF9A01B2BB75D0000B80888 /* Error */,
				8AF9A0162BB75B6800B80888 /* Keychain */,
				8AF9A0112BB75B2100B80888 /* HTTP */,
				8A5488332BB4739C00AE1ADC /* Utilities */,
				8A5470B32B821F7000D7AEE2 /* Info.plist */,
				8A5470A92B81FA0200D7AEE2 /* App */,
				8A5470A42B81F7B700D7AEE2 /* Components */,
				8A0175CE2B73902500C8C93E /* Extensions */,
				8A0175CA2B72B27900C8C93E /* Models */,
				8A0175CD2B72B3D000C8C93E /* Screens */,
			);
			path = Refs;
			sourceTree = "<group>";
		};
		8A0175CA2B72B27900C8C93E /* Models */ = {
			isa = PBXGroup;
			children = (
				8A0175C82B72B27100C8C93E /* RegistrationModel.swift */,
				8A5470A22B81F55500D7AEE2 /* UserModel.swift */,
				8A54883C2BB497DF00AE1ADC /* HowToPlayModel.swift */,
				8AF9A0202BB75DBF00B80888 /* RegLogResponse.swift */,
			);
			path = Models;
			sourceTree = "<group>";
		};
		8A0175CD2B72B3D000C8C93E /* Screens */ = {
			isa = PBXGroup;
			children = (
				F3552D212C23C01200C06853 /* Views */,
				8AF9A0222BB75DE300B80888 /* SignInS.swift */,
				8AF9A0242BB75E2500B80888 /* SignupS.swift */,
				8AF9A0262BB75E9300B80888 /* StartS.swift */,
				8AF9A0282BB75F0F00B80888 /* MainAuthS.swift */,
				8AF9A02A2BB760E300B80888 /* MainS.swift */,
				F3552D1B2C2372F500C06853 /* ChallengeS.swift */,
				F3552D1D2C238B9700C06853 /* FeedS.swift */,
				F3552D1F2C23A7D800C06853 /* UploadS.swift */,
			);
			path = Screens;
			sourceTree = "<group>";
		};
		8A0175CE2B73902500C8C93E /* Extensions */ = {
			isa = PBXGroup;
			children = (
				8A0175CF2B73904100C8C93E /* UIColorExtension.swift */,
				8AF9A00F2BB75B0600B80888 /* UIApplicationExt.swift */,
			);
			path = Extensions;
			sourceTree = "<group>";
		};
		8A5470A42B81F7B700D7AEE2 /* Components */ = {
			isa = PBXGroup;
			children = (
				8A5470A52B81F7D800D7AEE2 /* ProfileImage.swift */,
				8A5470A72B81F99600D7AEE2 /* ChangableAvatarView.swift */,
				8A5488832BB4ABD000AE1ADC /* PrimaryButtonWhite.swift */,
				8A5488852BB4AC0B00AE1ADC /* SecondaryButtonWhite.swift */,
				8A5470B42B8226B900D7AEE2 /* PrimaryButton.swift */,
				8A5470B62B82295A00D7AEE2 /* SecondaryButton.swift */,
				8A5488362BB474B300AE1ADC /* TabBar.swift */,
				8AF9A00B2BB75AA900B80888 /* PasswordTextField.swift */,
			);
			path = Components;
			sourceTree = "<group>";
		};
		8A5470A92B81FA0200D7AEE2 /* App */ = {
			isa = PBXGroup;
			children = (
				8A0175B92B72AF6F00C8C93E /* Refs.swift */,
				8A5470B22B821F0E00D7AEE2 /* Fonts */,
				8A0175BD2B72AF7100C8C93E /* Assets.xcassets */,
			);
			path = App;
			sourceTree = "<group>";
		};
		8A5470B22B821F0E00D7AEE2 /* Fonts */ = {
			isa = PBXGroup;
			children = (
				8A5470AC2B821F0400D7AEE2 /* Fugue-headline.otf */,
				8A5470AB2B821F0400D7AEE2 /* Fugue-mono.otf */,
				8A5470AD2B821F0400D7AEE2 /* Fugue-regular-italic.otf */,
				8A5470AA2B821F0400D7AEE2 /* Fugue-regular.otf */,
			);
			path = Fonts;
			sourceTree = "<group>";
		};
		8A5488332BB4739C00AE1ADC /* Utilities */ = {
			isa = PBXGroup;
			children = (
				8A5488342BB473B500AE1ADC /* HTTPReceiver.swift */,
			);
			path = Utilities;
			sourceTree = "<group>";
		};
		8AF9A0112BB75B2100B80888 /* HTTP */ = {
			isa = PBXGroup;
			children = (
				8AF9A0122BB75B3900B80888 /* HTTPMethod.swift */,
				8AF9A0142BB75B5100B80888 /* jwtH.swift */,
			);
			path = HTTP;
			sourceTree = "<group>";
		};
		8AF9A0162BB75B6800B80888 /* Keychain */ = {
			isa = PBXGroup;
			children = (
				8AF9A0172BB75B7C00B80888 /* KeychainHelper.swift */,
				8AF9A0192BB75B9700B80888 /* Password.swift */,
			);
			path = Keychain;
			sourceTree = "<group>";
		};
		8AF9A01B2BB75D0000B80888 /* Error */ = {
			isa = PBXGroup;
			children = (
				8AF9A01C2BB75D6000B80888 /* ErrorState.swift */,
				8AF9A01E2BB75D8B00B80888 /* ErrorView.swift */,
			);
			path = Error;
			sourceTree = "<group>";
		};
		8AF9A02C2BB7617100B80888 /* Enums */ = {
			isa = PBXGroup;
			children = (
				8AF9A02D2BB7618200B80888 /* NavigationState.swift */,
			);
			path = Enums;
			sourceTree = "<group>";
		};
		F3552D212C23C01200C06853 /* Views */ = {
			isa = PBXGroup;
			children = (
				8A54883A2BB4907100AE1ADC /* HowToPlayCV.swift */,
				8A0175BB2B72AF6F00C8C93E /* ContentView.swift */,
				8A0175CB2B72B3C700C8C93E /* RegistrationCV.swift */,
				8A5470A02B81F47400D7AEE2 /* UserProfileCV.swift */,
				8A5488312BB470F900AE1ADC /* AllTasksCV.swift */,
				8A54883E2BB49C6100AE1ADC /* HTPSlide.swift */,
			);
			path = Views;
			sourceTree = "<group>";
		};
		F3AF97082C1EFFDB00CEFBB3 /* ViewModels */ = {
			isa = PBXGroup;
			children = (
				8AF9A00D2BB75AD500B80888 /* AuthVM.swift */,
			);
			path = ViewModels;
			sourceTree = "<group>";
		};
/* End PBXGroup section */

/* Begin PBXNativeTarget section */
		8A0175B52B72AF6F00C8C93E /* Refs */ = {
			isa = PBXNativeTarget;
			buildConfigurationList = 8A0175C42B72AF7100C8C93E /* Build configuration list for PBXNativeTarget "Refs" */;
			buildPhases = (
				8A0175B22B72AF6F00C8C93E /* Sources */,
				8A0175B32B72AF6F00C8C93E /* Frameworks */,
				8A0175B42B72AF6F00C8C93E /* Resources */,
			);
			buildRules = (
			);
			dependencies = (
			);
			name = Refs;
			productName = "Refs-app";
			productReference = 8A0175B62B72AF6F00C8C93E /* Refs.app */;
			productType = "com.apple.product-type.application";
		};
/* End PBXNativeTarget section */

/* Begin PBXProject section */
		8A0175AE2B72AF6F00C8C93E /* Project object */ = {
			isa = PBXProject;
			attributes = {
				BuildIndependentTargetsInParallel = 1;
				LastSwiftUpdateCheck = 1520;
				LastUpgradeCheck = 1520;
				TargetAttributes = {
					8A0175B52B72AF6F00C8C93E = {
						CreatedOnToolsVersion = 15.2;
					};
				};
			};
			buildConfigurationList = 8A0175B12B72AF6F00C8C93E /* Build configuration list for PBXProject "Refs" */;
			compatibilityVersion = "Xcode 14.0";
			developmentRegion = en;
			hasScannedForEncodings = 0;
			knownRegions = (
				en,
				Base,
			);
			mainGroup = 8A0175AD2B72AF6F00C8C93E;
			productRefGroup = 8A0175B72B72AF6F00C8C93E /* Products */;
			projectDirPath = "";
			projectRoot = "";
			targets = (
				8A0175B52B72AF6F00C8C93E /* Refs */,
			);
		};
/* End PBXProject section */

/* Begin PBXResourcesBuildPhase section */
		8A0175B42B72AF6F00C8C93E /* Resources */ = {
			isa = PBXResourcesBuildPhase;
			buildActionMask = 2147483647;
			files = (
				8A5470B02B821F0400D7AEE2 /* Fugue-headline.otf in Resources */,
				8A5470AE2B821F0400D7AEE2 /* Fugue-regular.otf in Resources */,
				8A5470AF2B821F0400D7AEE2 /* Fugue-mono.otf in Resources */,
				8A5470B12B821F0400D7AEE2 /* Fugue-regular-italic.otf in Resources */,
				8A0175BE2B72AF7100C8C93E /* Assets.xcassets in Resources */,
			);
			runOnlyForDeploymentPostprocessing = 0;
		};
/* End PBXResourcesBuildPhase section */

/* Begin PBXSourcesBuildPhase section */
		8A0175B22B72AF6F00C8C93E /* Sources */ = {
			isa = PBXSourcesBuildPhase;
			buildActionMask = 2147483647;
			files = (
				F3552D202C23A7D800C06853 /* UploadS.swift in Sources */,
				8AF9A01A2BB75B9700B80888 /* Password.swift in Sources */,
				8AF9A02E2BB7618200B80888 /* NavigationState.swift in Sources */,
				8A5470B72B82295A00D7AEE2 /* SecondaryButton.swift in Sources */,
				8A0175BC2B72AF6F00C8C93E /* ContentView.swift in Sources */,
				8AF9A00C2BB75AA900B80888 /* PasswordTextField.swift in Sources */,
				8A54883F2BB49C6100AE1ADC /* HTPSlide.swift in Sources */,
				8AF9A01F2BB75D8B00B80888 /* ErrorView.swift in Sources */,
				8AF9A0212BB75DBF00B80888 /* RegLogResponse.swift in Sources */,
				8A54883D2BB497DF00AE1ADC /* HowToPlayModel.swift in Sources */,
				8AF9A01D2BB75D6000B80888 /* ErrorState.swift in Sources */,
				8A5470A62B81F7D800D7AEE2 /* ProfileImage.swift in Sources */,
				8A5470B52B8226B900D7AEE2 /* PrimaryButton.swift in Sources */,
				F3552D1E2C238B9700C06853 /* FeedS.swift in Sources */,
				8A5470A32B81F55500D7AEE2 /* UserModel.swift in Sources */,
				8A5470A82B81F99600D7AEE2 /* ChangableAvatarView.swift in Sources */,
				8AF9A0272BB75E9300B80888 /* StartS.swift in Sources */,
				8AF9A0292BB75F0F00B80888 /* MainAuthS.swift in Sources */,
				8A0175BA2B72AF6F00C8C93E /* Refs.swift in Sources */,
				8AF9A0232BB75DE300B80888 /* SignInS.swift in Sources */,
				8A5470A12B81F47400D7AEE2 /* UserProfileCV.swift in Sources */,
				8A5488352BB473B500AE1ADC /* HTTPReceiver.swift in Sources */,
				8AF9A0252BB75E2500B80888 /* SignupS.swift in Sources */,
				8A5488842BB4ABD000AE1ADC /* PrimaryButtonWhite.swift in Sources */,
				8A0175D02B73904100C8C93E /* UIColorExtension.swift in Sources */,
				8A0175C92B72B27100C8C93E /* RegistrationModel.swift in Sources */,
				8AF9A0102BB75B0600B80888 /* UIApplicationExt.swift in Sources */,
				8A0175CC2B72B3C700C8C93E /* RegistrationCV.swift in Sources */,
				8A54883B2BB4907100AE1ADC /* HowToPlayCV.swift in Sources */,
				8A5488322BB470F900AE1ADC /* AllTasksCV.swift in Sources */,
				8AF9A02B2BB760E300B80888 /* MainS.swift in Sources */,
				8AF9A00E2BB75AD500B80888 /* AuthVM.swift in Sources */,
				8AF9A0132BB75B3900B80888 /* HTTPMethod.swift in Sources */,
				8AF9A0182BB75B7C00B80888 /* KeychainHelper.swift in Sources */,
				F3552D1C2C2372F500C06853 /* ChallengeS.swift in Sources */,
				8AF9A0152BB75B5100B80888 /* jwtH.swift in Sources */,
				8A5488862BB4AC0B00AE1ADC /* SecondaryButtonWhite.swift in Sources */,
				8A5488372BB474B300AE1ADC /* TabBar.swift in Sources */,
			);
			runOnlyForDeploymentPostprocessing = 0;
		};
/* End PBXSourcesBuildPhase section */

/* Begin XCBuildConfiguration section */
		8A0175C22B72AF7100C8C93E /* Debug */ = {
			isa = XCBuildConfiguration;
			buildSettings = {
				ALWAYS_SEARCH_USER_PATHS = NO;
				ASSETCATALOG_COMPILER_GENERATE_SWIFT_ASSET_SYMBOL_EXTENSIONS = YES;
				CLANG_ANALYZER_NONNULL = YES;
				CLANG_ANALYZER_NUMBER_OBJECT_CONVERSION = YES_AGGRESSIVE;
				CLANG_CXX_LANGUAGE_STANDARD = "gnu++20";
				CLANG_ENABLE_MODULES = YES;
				CLANG_ENABLE_OBJC_ARC = YES;
				CLANG_ENABLE_OBJC_WEAK = YES;
				CLANG_WARN_BLOCK_CAPTURE_AUTORELEASING = YES;
				CLANG_WARN_BOOL_CONVERSION = YES;
				CLANG_WARN_COMMA = YES;
				CLANG_WARN_CONSTANT_CONVERSION = YES;
				CLANG_WARN_DEPRECATED_OBJC_IMPLEMENTATIONS = YES;
				CLANG_WARN_DIRECT_OBJC_ISA_USAGE = YES_ERROR;
				CLANG_WARN_DOCUMENTATION_COMMENTS = YES;
				CLANG_WARN_EMPTY_BODY = YES;
				CLANG_WARN_ENUM_CONVERSION = YES;
				CLANG_WARN_INFINITE_RECURSION = YES;
				CLANG_WARN_INT_CONVERSION = YES;
				CLANG_WARN_NON_LITERAL_NULL_CONVERSION = YES;
				CLANG_WARN_OBJC_IMPLICIT_RETAIN_SELF = YES;
				CLANG_WARN_OBJC_LITERAL_CONVERSION = YES;
				CLANG_WARN_OBJC_ROOT_CLASS = YES_ERROR;
				CLANG_WARN_QUOTED_INCLUDE_IN_FRAMEWORK_HEADER = YES;
				CLANG_WARN_RANGE_LOOP_ANALYSIS = YES;
				CLANG_WARN_STRICT_PROTOTYPES = YES;
				CLANG_WARN_SUSPICIOUS_MOVE = YES;
				CLANG_WARN_UNGUARDED_AVAILABILITY = YES_AGGRESSIVE;
				CLANG_WARN_UNREACHABLE_CODE = YES;
				CLANG_WARN__DUPLICATE_METHOD_MATCH = YES;
				COPY_PHASE_STRIP = NO;
				DEBUG_INFORMATION_FORMAT = dwarf;
				ENABLE_STRICT_OBJC_MSGSEND = YES;
				ENABLE_TESTABILITY = YES;
				ENABLE_USER_SCRIPT_SANDBOXING = YES;
				GCC_C_LANGUAGE_STANDARD = gnu17;
				GCC_DYNAMIC_NO_PIC = NO;
				GCC_NO_COMMON_BLOCKS = YES;
				GCC_OPTIMIZATION_LEVEL = 0;
				GCC_PREPROCESSOR_DEFINITIONS = (
					"DEBUG=1",
					"$(inherited)",
				);
				GCC_WARN_64_TO_32_BIT_CONVERSION = YES;
				GCC_WARN_ABOUT_RETURN_TYPE = YES_ERROR;
				GCC_WARN_UNDECLARED_SELECTOR = YES;
				GCC_WARN_UNINITIALIZED_AUTOS = YES_AGGRESSIVE;
				GCC_WARN_UNUSED_FUNCTION = YES;
				GCC_WARN_UNUSED_VARIABLE = YES;
				IPHONEOS_DEPLOYMENT_TARGET = 17.2;
				LOCALIZATION_PREFERS_STRING_CATALOGS = YES;
				MTL_ENABLE_DEBUG_INFO = INCLUDE_SOURCE;
				MTL_FAST_MATH = YES;
				ONLY_ACTIVE_ARCH = YES;
				SDKROOT = iphoneos;
				SWIFT_ACTIVE_COMPILATION_CONDITIONS = "DEBUG $(inherited)";
				SWIFT_OPTIMIZATION_LEVEL = "-Onone";
			};
			name = Debug;
		};
		8A0175C32B72AF7100C8C93E /* Release */ = {
			isa = XCBuildConfiguration;
			buildSettings = {
				ALWAYS_SEARCH_USER_PATHS = NO;
				ASSETCATALOG_COMPILER_GENERATE_SWIFT_ASSET_SYMBOL_EXTENSIONS = YES;
				CLANG_ANALYZER_NONNULL = YES;
				CLANG_ANALYZER_NUMBER_OBJECT_CONVERSION = YES_AGGRESSIVE;
				CLANG_CXX_LANGUAGE_STANDARD = "gnu++20";
				CLANG_ENABLE_MODULES = YES;
				CLANG_ENABLE_OBJC_ARC = YES;
				CLANG_ENABLE_OBJC_WEAK = YES;
				CLANG_WARN_BLOCK_CAPTURE_AUTORELEASING = YES;
				CLANG_WARN_BOOL_CONVERSION = YES;
				CLANG_WARN_COMMA = YES;
				CLANG_WARN_CONSTANT_CONVERSION = YES;
				CLANG_WARN_DEPRECATED_OBJC_IMPLEMENTATIONS = YES;
				CLANG_WARN_DIRECT_OBJC_ISA_USAGE = YES_ERROR;
				CLANG_WARN_DOCUMENTATION_COMMENTS = YES;
				CLANG_WARN_EMPTY_BODY = YES;
				CLANG_WARN_ENUM_CONVERSION = YES;
				CLANG_WARN_INFINITE_RECURSION = YES;
				CLANG_WARN_INT_CONVERSION = YES;
				CLANG_WARN_NON_LITERAL_NULL_CONVERSION = YES;
				CLANG_WARN_OBJC_IMPLICIT_RETAIN_SELF = YES;
				CLANG_WARN_OBJC_LITERAL_CONVERSION = YES;
				CLANG_WARN_OBJC_ROOT_CLASS = YES_ERROR;
				CLANG_WARN_QUOTED_INCLUDE_IN_FRAMEWORK_HEADER = YES;
				CLANG_WARN_RANGE_LOOP_ANALYSIS = YES;
				CLANG_WARN_STRICT_PROTOTYPES = YES;
				CLANG_WARN_SUSPICIOUS_MOVE = YES;
				CLANG_WARN_UNGUARDED_AVAILABILITY = YES_AGGRESSIVE;
				CLANG_WARN_UNREACHABLE_CODE = YES;
				CLANG_WARN__DUPLICATE_METHOD_MATCH = YES;
				COPY_PHASE_STRIP = NO;
				DEBUG_INFORMATION_FORMAT = "dwarf-with-dsym";
				ENABLE_NS_ASSERTIONS = NO;
				ENABLE_STRICT_OBJC_MSGSEND = YES;
				ENABLE_USER_SCRIPT_SANDBOXING = YES;
				GCC_C_LANGUAGE_STANDARD = gnu17;
				GCC_NO_COMMON_BLOCKS = YES;
				GCC_WARN_64_TO_32_BIT_CONVERSION = YES;
				GCC_WARN_ABOUT_RETURN_TYPE = YES_ERROR;
				GCC_WARN_UNDECLARED_SELECTOR = YES;
				GCC_WARN_UNINITIALIZED_AUTOS = YES_AGGRESSIVE;
				GCC_WARN_UNUSED_FUNCTION = YES;
				GCC_WARN_UNUSED_VARIABLE = YES;
				IPHONEOS_DEPLOYMENT_TARGET = 17.2;
				LOCALIZATION_PREFERS_STRING_CATALOGS = YES;
				MTL_ENABLE_DEBUG_INFO = NO;
				MTL_FAST_MATH = YES;
				SDKROOT = iphoneos;
				SWIFT_COMPILATION_MODE = wholemodule;
				VALIDATE_PRODUCT = YES;
			};
			name = Release;
		};
		8A0175C52B72AF7100C8C93E /* Debug */ = {
			isa = XCBuildConfiguration;
			buildSettings = {
				ASSETCATALOG_COMPILER_APPICON_NAME = AppIcon;
				ASSETCATALOG_COMPILER_GLOBAL_ACCENT_COLOR_NAME = AccentColor;
				CODE_SIGN_STYLE = Automatic;
				CURRENT_PROJECT_VERSION = 1;
				ENABLE_PREVIEWS = YES;
				GENERATE_INFOPLIST_FILE = YES;
				INFOPLIST_FILE = Refs/Info.plist;
				INFOPLIST_KEY_UIApplicationSceneManifest_Generation = YES;
				INFOPLIST_KEY_UIApplicationSupportsIndirectInputEvents = YES;
				INFOPLIST_KEY_UILaunchScreen_Generation = YES;
				INFOPLIST_KEY_UISupportedInterfaceOrientations_iPad = "UIInterfaceOrientationPortrait UIInterfaceOrientationPortraitUpsideDown UIInterfaceOrientationLandscapeLeft UIInterfaceOrientationLandscapeRight";
				INFOPLIST_KEY_UISupportedInterfaceOrientations_iPhone = "UIInterfaceOrientationPortrait UIInterfaceOrientationLandscapeLeft UIInterfaceOrientationLandscapeRight";
				LD_RUNPATH_SEARCH_PATHS = (
					"$(inherited)",
					"@executable_path/Frameworks",
				);
				MARKETING_VERSION = 1.0;
				PRODUCT_BUNDLE_IDENTIFIER = Refs.Refs;
				PRODUCT_NAME = "$(TARGET_NAME)";
				SWIFT_EMIT_LOC_STRINGS = YES;
				SWIFT_VERSION = 5.0;
				TARGETED_DEVICE_FAMILY = "1,2";
			};
			name = Debug;
		};
		8A0175C62B72AF7100C8C93E /* Release */ = {
			isa = XCBuildConfiguration;
			buildSettings = {
				ASSETCATALOG_COMPILER_APPICON_NAME = AppIcon;
				ASSETCATALOG_COMPILER_GLOBAL_ACCENT_COLOR_NAME = AccentColor;
				CODE_SIGN_STYLE = Automatic;
				CURRENT_PROJECT_VERSION = 1;
				ENABLE_PREVIEWS = YES;
				GENERATE_INFOPLIST_FILE = YES;
				INFOPLIST_FILE = Refs/Info.plist;
				INFOPLIST_KEY_UIApplicationSceneManifest_Generation = YES;
				INFOPLIST_KEY_UIApplicationSupportsIndirectInputEvents = YES;
				INFOPLIST_KEY_UILaunchScreen_Generation = YES;
				INFOPLIST_KEY_UISupportedInterfaceOrientations_iPad = "UIInterfaceOrientationPortrait UIInterfaceOrientationPortraitUpsideDown UIInterfaceOrientationLandscapeLeft UIInterfaceOrientationLandscapeRight";
				INFOPLIST_KEY_UISupportedInterfaceOrientations_iPhone = "UIInterfaceOrientationPortrait UIInterfaceOrientationLandscapeLeft UIInterfaceOrientationLandscapeRight";
				LD_RUNPATH_SEARCH_PATHS = (
					"$(inherited)",
					"@executable_path/Frameworks",
				);
				MARKETING_VERSION = 1.0;
				PRODUCT_BUNDLE_IDENTIFIER = Refs.Refs;
				PRODUCT_NAME = "$(TARGET_NAME)";
				SWIFT_EMIT_LOC_STRINGS = YES;
				SWIFT_VERSION = 5.0;
				TARGETED_DEVICE_FAMILY = "1,2";
			};
			name = Release;
		};
/* End XCBuildConfiguration section */

/* Begin XCConfigurationList section */
		8A0175B12B72AF6F00C8C93E /* Build configuration list for PBXProject "Refs" */ = {
			isa = XCConfigurationList;
			buildConfigurations = (
				8A0175C22B72AF7100C8C93E /* Debug */,
				8A0175C32B72AF7100C8C93E /* Release */,
			);
			defaultConfigurationIsVisible = 0;
			defaultConfigurationName = Release;
		};
		8A0175C42B72AF7100C8C93E /* Build configuration list for PBXNativeTarget "Refs" */ = {
			isa = XCConfigurationList;
			buildConfigurations = (
				8A0175C52B72AF7100C8C93E /* Debug */,
				8A0175C62B72AF7100C8C93E /* Release */,
			);
			defaultConfigurationIsVisible = 0;
			defaultConfigurationName = Release;
		};
/* End XCConfigurationList section */
	};
	rootObject = 8A0175AE2B72AF6F00C8C93E /* Project object */;
}
